
Microsoft Visual Studio Solution File, Format Version 12.00
# Visual Studio Version 17
VisualStudioVersion = 17.14.36121.58 d17.14
MinimumVisualStudioVersion = 10.0.40219.1
Project("{FAE04EC0-301F-11D3-BF4B-00C04F79EFBC}") = "NET_LAB7", "NET_LAB7\NET_LAB7.csproj", "{A6AA1949-D588-4FF7-8FB0-AD8923E317B8}"
EndProject
Global
	GlobalSection(SolutionConfigurationPlatforms) = preSolution
		Debug|Any CPU = Debug|Any CPU
		Release|Any CPU = Release|Any CPU
	EndGlobalSection
	GlobalSection(ProjectConfigurationPlatforms) = postSolution
		{A6AA1949-D588-4FF7-8FB0-AD8923E317B8}.Debug|Any CPU.ActiveCfg = Debug|Any CPU
		{A6AA1949-D588-4FF7-8FB0-AD8923E317B8}.Debug|Any CPU.Build.0 = Debug|Any CPU
		{A6AA1949-D588-4FF7-8FB0-AD8923E317B8}.Release|Any CPU.ActiveCfg = Release|Any CPU
		{A6AA1949-D588-4FF7-8FB0-AD8923E317B8}.Release|Any CPU.Build.0 = Release|Any CPU
	EndGlobalSection
	GlobalSection(SolutionProperties) = preSolution
		HideSolutionNode = FALSE
	EndGlobalSection
	GlobalSection(ExtensibilityGlobals) = postSolution
		SolutionGuid = {CCF74939-D155-46CF-ABA7-99E75029DCD0}
	EndGlobalSection
EndGlobal
